
Microsoft Visual Studio Solution File, Format Version 12.00
# Visual Studio 15
VisualStudioVersion = 15.0.27130.2010
MinimumVisualStudioVersion = 10.0.40219.1
Project("{FAE04EC0-301F-11D3-BF4B-00C04F79EFBC}") = "CityBuilder", "CityBuilder\CityBuilder.csproj", "{96D2F87B-61D2-472A-A5B2-263B6F209D1D}"
EndProject
Project("{FAE04EC0-301F-11D3-BF4B-00C04F79EFBC}") = "CityBuilderTests", "CityBuilderTests\CityBuilderTests.csproj", "{2A231351-265F-4534-B229-8E7655AE4AD7}"
EndProject
Project("{FAE04EC0-301F-11D3-BF4B-00C04F79EFBC}") = "CityBuilderGUI", "CityBuilderGUI\CityBuilderGUI.csproj", "{AC35E1C5-228D-4548-AA76-753EF9B90AC5}"
EndProject
Project("{FAE04EC0-301F-11D3-BF4B-00C04F79EFBC}") = "AStarAlgorithm", "AStarAlgorithm\AStarAlgorithm.csproj", "{22CF108F-CFFF-48E3-B113-3C64B94C4EE9}"
EndProject
Global
	GlobalSection(SolutionConfigurationPlatforms) = preSolution
		Debug|Any CPU = Debug|Any CPU
		Release|Any CPU = Release|Any CPU
	EndGlobalSection
	GlobalSection(ProjectConfigurationPlatforms) = postSolution
		{96D2F87B-61D2-472A-A5B2-263B6F209D1D}.Debug|Any CPU.ActiveCfg = Debug|Any CPU
		{96D2F87B-61D2-472A-A5B2-263B6F209D1D}.Debug|Any CPU.Build.0 = Debug|Any CPU
		{96D2F87B-61D2-472A-A5B2-263B6F209D1D}.Release|Any CPU.ActiveCfg = Release|Any CPU
		{96D2F87B-61D2-472A-A5B2-263B6F209D1D}.Release|Any CPU.Build.0 = Release|Any CPU
		{2A231351-265F-4534-B229-8E7655AE4AD7}.Debug|Any CPU.ActiveCfg = Debug|Any CPU
		{2A231351-265F-4534-B229-8E7655AE4AD7}.Debug|Any CPU.Build.0 = Debug|Any CPU
		{2A231351-265F-4534-B229-8E7655AE4AD7}.Release|Any CPU.ActiveCfg = Release|Any CPU
		{2A231351-265F-4534-B229-8E7655AE4AD7}.Release|Any CPU.Build.0 = Release|Any CPU
		{AC35E1C5-228D-4548-AA76-753EF9B90AC5}.Debug|Any CPU.ActiveCfg = Debug|Any CPU
		{AC35E1C5-228D-4548-AA76-753EF9B90AC5}.Debug|Any CPU.Build.0 = Debug|Any CPU
		{AC35E1C5-228D-4548-AA76-753EF9B90AC5}.Release|Any CPU.ActiveCfg = Release|Any CPU
		{AC35E1C5-228D-4548-AA76-753EF9B90AC5}.Release|Any CPU.Build.0 = Release|Any CPU
		{22CF108F-CFFF-48E3-B113-3C64B94C4EE9}.Debug|Any CPU.ActiveCfg = Debug|Any CPU
		{22CF108F-CFFF-48E3-B113-3C64B94C4EE9}.Debug|Any CPU.Build.0 = Debug|Any CPU
		{22CF108F-CFFF-48E3-B113-3C64B94C4EE9}.Release|Any CPU.ActiveCfg = Release|Any CPU
		{22CF108F-CFFF-48E3-B113-3C64B94C4EE9}.Release|Any CPU.Build.0 = Release|Any CPU
	EndGlobalSection
	GlobalSection(SolutionProperties) = preSolution
		HideSolutionNode = FALSE
	EndGlobalSection
	GlobalSection(ExtensibilityGlobals) = postSolution
		SolutionGuid = {975AB0F5-5F50-4646-B440-A5A7F55F2A22}
	EndGlobalSection
EndGlobal
